
Microsoft Visual Studio Solution File, Format Version 12.00
# Visual Studio Version 16
VisualStudioVersion = 16.0.31515.178
MinimumVisualStudioVersion = 10.0.40219.1
Project("{FAE04EC0-301F-11D3-BF4B-00C04F79EFBC}") = "OnlineTest.App", "OnlineTest.App\OnlineTest.App.csproj", "{992B2680-FE04-4D2A-8E6E-99C8C0C8F08E}"
EndProject
Project("{FAE04EC0-301F-11D3-BF4B-00C04F79EFBC}") = "OnlineTest.Core", "OnlineTest.Core\OnlineTest.Core.csproj", "{A60A4E17-80A5-4587-B2B2-6AE0A79A6142}"
EndProject
Project("{FAE04EC0-301F-11D3-BF4B-00C04F79EFBC}") = "OnlineTest.Infrastructure", "OnlineTest.Infrastructure\OnlineTest.Infrastructure.csproj", "{C6887A35-D713-4119-802B-CFF138F29D80}"
EndProject
Global
	GlobalSection(SolutionConfigurationPlatforms) = preSolution
		Debug|Any CPU = Debug|Any CPU
		Release|Any CPU = Release|Any CPU
	EndGlobalSection
	GlobalSection(ProjectConfigurationPlatforms) = postSolution
		{992B2680-FE04-4D2A-8E6E-99C8C0C8F08E}.Debug|Any CPU.ActiveCfg = Debug|Any CPU
		{992B2680-FE04-4D2A-8E6E-99C8C0C8F08E}.Debug|Any CPU.Build.0 = Debug|Any CPU
		{992B2680-FE04-4D2A-8E6E-99C8C0C8F08E}.Release|Any CPU.ActiveCfg = Release|Any CPU
		{992B2680-FE04-4D2A-8E6E-99C8C0C8F08E}.Release|Any CPU.Build.0 = Release|Any CPU
		{A60A4E17-80A5-4587-B2B2-6AE0A79A6142}.Debug|Any CPU.ActiveCfg = Debug|Any CPU
		{A60A4E17-80A5-4587-B2B2-6AE0A79A6142}.Debug|Any CPU.Build.0 = Debug|Any CPU
		{A60A4E17-80A5-4587-B2B2-6AE0A79A6142}.Release|Any CPU.ActiveCfg = Release|Any CPU
		{A60A4E17-80A5-4587-B2B2-6AE0A79A6142}.Release|Any CPU.Build.0 = Release|Any CPU
		{C6887A35-D713-4119-802B-CFF138F29D80}.Debug|Any CPU.ActiveCfg = Debug|Any CPU
		{C6887A35-D713-4119-802B-CFF138F29D80}.Debug|Any CPU.Build.0 = Debug|Any CPU
		{C6887A35-D713-4119-802B-CFF138F29D80}.Release|Any CPU.ActiveCfg = Release|Any CPU
		{C6887A35-D713-4119-802B-CFF138F29D80}.Release|Any CPU.Build.0 = Release|Any CPU
	EndGlobalSection
	GlobalSection(SolutionProperties) = preSolution
		HideSolutionNode = FALSE
	EndGlobalSection
	GlobalSection(ExtensibilityGlobals) = postSolution
		SolutionGuid = {22B61806-B321-4F3D-8400-94EA9D423F3B}
	EndGlobalSection
EndGlobal
